
Microsoft Visual Studio Solution File, Format Version 12.00
# Visual Studio 15
VisualStudioVersion = 15.0.28010.2048
MinimumVisualStudioVersion = 10.0.40219.1
Project("{FAE04EC0-301F-11D3-BF4B-00C04F79EFBC}") = "ArrayCalculation", "ArrayCalculation\ArrayCalculation.csproj", "{7594B22C-F465-4C2D-B7AD-7C45A71CFA50}"
EndProject
Project("{FAE04EC0-301F-11D3-BF4B-00C04F79EFBC}") = "ArrayCalculationTests", "ArrayCalculationTests\ArrayCalculationTests.csproj", "{E995CB22-C42F-4169-BC2D-05FEBBC4CFF9}"
EndProject
Global
	GlobalSection(SolutionConfigurationPlatforms) = preSolution
		Debug|Any CPU = Debug|Any CPU
		Release|Any CPU = Release|Any CPU
	EndGlobalSection
	GlobalSection(ProjectConfigurationPlatforms) = postSolution
		{7594B22C-F465-4C2D-B7AD-7C45A71CFA50}.Debug|Any CPU.ActiveCfg = Debug|Any CPU
		{7594B22C-F465-4C2D-B7AD-7C45A71CFA50}.Debug|Any CPU.Build.0 = Debug|Any CPU
		{7594B22C-F465-4C2D-B7AD-7C45A71CFA50}.Release|Any CPU.ActiveCfg = Release|Any CPU
		{7594B22C-F465-4C2D-B7AD-7C45A71CFA50}.Release|Any CPU.Build.0 = Release|Any CPU
		{E995CB22-C42F-4169-BC2D-05FEBBC4CFF9}.Debug|Any CPU.ActiveCfg = Debug|Any CPU
		{E995CB22-C42F-4169-BC2D-05FEBBC4CFF9}.Debug|Any CPU.Build.0 = Debug|Any CPU
		{E995CB22-C42F-4169-BC2D-05FEBBC4CFF9}.Release|Any CPU.ActiveCfg = Release|Any CPU
		{E995CB22-C42F-4169-BC2D-05FEBBC4CFF9}.Release|Any CPU.Build.0 = Release|Any CPU
	EndGlobalSection
	GlobalSection(SolutionProperties) = preSolution
		HideSolutionNode = FALSE
	EndGlobalSection
	GlobalSection(ExtensibilityGlobals) = postSolution
		SolutionGuid = {ECDABF4A-1DFC-4C5A-8721-4FBEAB3CDF3D}
	EndGlobalSection
EndGlobal
